version = 1
revision = 3
requires-python = ">=3.11"

[[package]]
name = "spidev"
version = "3.8"
source = { registry = "https://pypi.org/simple" }
sdist = { url = "https://files.pythonhosted.org/packages/67/87/039b6eeea781598015b538691bc174cc0bf77df9d4d2d3b8bf9245c0de8c/spidev-3.8.tar.gz", hash = "sha256:2bc02fb8c6312d519ebf1f4331067427c0921d3f77b8bcaf05189a2e8b8382c0", size = 13893, upload-time = "2025-09-15T18:56:20.672Z" }

[[package]]
name = "st25-reader-tester"
version = "0.1.0"
source = { virtual = "." }
dependencies = [
    { name = "spidev" },
]

[package.metadata]
requires-dist = [{ name = "spidev", specifier = ">=3.8" }]
